
Microsoft Visual Studio Solution File, Format Version 12.00
# Visual Studio Version 16
VisualStudioVersion = 16.0.29613.14
MinimumVisualStudioVersion = 15.0.26124.0
Project("{2150E333-8FDC-42A3-9474-1A3956D46DE8}") = "src", "src", "{64DD3548-1C16-4791-A377-C436170B1C9A}"
EndProject
Project("{9A19103F-16F7-4668-BE54-9A1E7A4F7556}") = "Valkyrie.Data.Mongo", "src\Valkyrie.Data.Mongo\Valkyrie.Data.Mongo.csproj", "{B759AE8C-A344-4B00-BE9D-BBA13EAA9DF0}"
EndProject
Project("{9A19103F-16F7-4668-BE54-9A1E7A4F7556}") = "Valkyrie.Core", "src\Valkyrie.Core\Valkyrie.Core.csproj", "{FDD3D852-7B92-4DD2-9E2C-B675124BC3C9}"
EndProject
Project("{9A19103F-16F7-4668-BE54-9A1E7A4F7556}") = "Valkyrie.Data.Ef", "src\Valkyrie.Core.Data\Valkyrie.Data.Ef.csproj", "{07B9080A-6FFD-4C20-A513-CF46ABF3EBFA}"
EndProject
Project("{9A19103F-16F7-4668-BE54-9A1E7A4F7556}") = "Valkyrie.Caching.Redis", "src\Valkyrie.Caching.Redis\Valkyrie.Caching.Redis.csproj", "{E86B2C61-53CD-4A58-A9DF-B1240EB63736}"
EndProject
Project("{9A19103F-16F7-4668-BE54-9A1E7A4F7556}") = "Valkyrie.EventBus", "src\Valkyrie.EventBus\Valkyrie.EventBus.csproj", "{55CB5596-95E7-4D3D-91CC-633B79AE6A08}"
EndProject
Project("{2150E333-8FDC-42A3-9474-1A3956D46DE8}") = "samples", "samples", "{D5B936EF-30EA-4CC1-87DB-CFC0D2ABA14F}"
EndProject
Project("{9A19103F-16F7-4668-BE54-9A1E7A4F7556}") = "Valkyrie.EventBus.Test", "samples\Valkyrie.EventBus.Test\Valkyrie.EventBus.Test.csproj", "{82100CFB-0028-4F13-ABEA-B259A38AA409}"
EndProject
Project("{9A19103F-16F7-4668-BE54-9A1E7A4F7556}") = "Valkyrie.Logging", "src\Valkyrie.Logging\Valkyrie.Logging.csproj", "{89E5096F-A146-46C6-BF97-A646C5D709C1}"
EndProject
Project("{2150E333-8FDC-42A3-9474-1A3956D46DE8}") = "Solution Items", "Solution Items", "{3924E018-CD4C-4AB9-9852-132DFF0C3C9A}"
	ProjectSection(SolutionItems) = preProject
		build.cmd = build.cmd
		nuget.config = nuget.config
	EndProjectSection
EndProject
Project("{9A19103F-16F7-4668-BE54-9A1E7A4F7556}") = "Valkyrie.Security.Extensions", "src\Valkyrie.Security.Extensions\Valkyrie.Security.Extensions.csproj", "{713D7A94-BB7A-4090-B68B-99685C622B68}"
EndProject
Project("{9A19103F-16F7-4668-BE54-9A1E7A4F7556}") = "Valkyrie.Sample.Web", "samples\Valkyrie.Sample.Web\Valkyrie.Sample.Web.csproj", "{A12932A3-DB91-4DF9-9F4E-C124E6EC89A7}"
EndProject
Project("{9A19103F-16F7-4668-BE54-9A1E7A4F7556}") = "Valkyrie.Sample.Web2", "samples\Valkyrie.Sample.Web2\Valkyrie.Sample.Web2.csproj", "{04FA66D4-F10D-499A-8EDC-9FEECFA52ACD}"
EndProject
Global
	GlobalSection(SolutionConfigurationPlatforms) = preSolution
		Debug|Any CPU = Debug|Any CPU
		Debug|x64 = Debug|x64
		Debug|x86 = Debug|x86
		Release|Any CPU = Release|Any CPU
		Release|x64 = Release|x64
		Release|x86 = Release|x86
	EndGlobalSection
	GlobalSection(ProjectConfigurationPlatforms) = postSolution
		{B759AE8C-A344-4B00-BE9D-BBA13EAA9DF0}.Debug|Any CPU.ActiveCfg = Debug|Any CPU
		{B759AE8C-A344-4B00-BE9D-BBA13EAA9DF0}.Debug|Any CPU.Build.0 = Debug|Any CPU
		{B759AE8C-A344-4B00-BE9D-BBA13EAA9DF0}.Debug|x64.ActiveCfg = Debug|Any CPU
		{B759AE8C-A344-4B00-BE9D-BBA13EAA9DF0}.Debug|x64.Build.0 = Debug|Any CPU
		{B759AE8C-A344-4B00-BE9D-BBA13EAA9DF0}.Debug|x86.ActiveCfg = Debug|Any CPU
		{B759AE8C-A344-4B00-BE9D-BBA13EAA9DF0}.Debug|x86.Build.0 = Debug|Any CPU
		{B759AE8C-A344-4B00-BE9D-BBA13EAA9DF0}.Release|Any CPU.ActiveCfg = Release|Any CPU
		{B759AE8C-A344-4B00-BE9D-BBA13EAA9DF0}.Release|Any CPU.Build.0 = Release|Any CPU
		{B759AE8C-A344-4B00-BE9D-BBA13EAA9DF0}.Release|x64.ActiveCfg = Release|Any CPU
		{B759AE8C-A344-4B00-BE9D-BBA13EAA9DF0}.Release|x64.Build.0 = Release|Any CPU
		{B759AE8C-A344-4B00-BE9D-BBA13EAA9DF0}.Release|x86.ActiveCfg = Release|Any CPU
		{B759AE8C-A344-4B00-BE9D-BBA13EAA9DF0}.Release|x86.Build.0 = Release|Any CPU
		{FDD3D852-7B92-4DD2-9E2C-B675124BC3C9}.Debug|Any CPU.ActiveCfg = Debug|Any CPU
		{FDD3D852-7B92-4DD2-9E2C-B675124BC3C9}.Debug|Any CPU.Build.0 = Debug|Any CPU
		{FDD3D852-7B92-4DD2-9E2C-B675124BC3C9}.Debug|x64.ActiveCfg = Debug|Any CPU
		{FDD3D852-7B92-4DD2-9E2C-B675124BC3C9}.Debug|x64.Build.0 = Debug|Any CPU
		{FDD3D852-7B92-4DD2-9E2C-B675124BC3C9}.Debug|x86.ActiveCfg = Debug|Any CPU
		{FDD3D852-7B92-4DD2-9E2C-B675124BC3C9}.Debug|x86.Build.0 = Debug|Any CPU
		{FDD3D852-7B92-4DD2-9E2C-B675124BC3C9}.Release|Any CPU.ActiveCfg = Release|Any CPU
		{FDD3D852-7B92-4DD2-9E2C-B675124BC3C9}.Release|Any CPU.Build.0 = Release|Any CPU
		{FDD3D852-7B92-4DD2-9E2C-B675124BC3C9}.Release|x64.ActiveCfg = Release|Any CPU
		{FDD3D852-7B92-4DD2-9E2C-B675124BC3C9}.Release|x64.Build.0 = Release|Any CPU
		{FDD3D852-7B92-4DD2-9E2C-B675124BC3C9}.Release|x86.ActiveCfg = Release|Any CPU
		{FDD3D852-7B92-4DD2-9E2C-B675124BC3C9}.Release|x86.Build.0 = Release|Any CPU
		{07B9080A-6FFD-4C20-A513-CF46ABF3EBFA}.Debug|Any CPU.ActiveCfg = Debug|Any CPU
		{07B9080A-6FFD-4C20-A513-CF46ABF3EBFA}.Debug|Any CPU.Build.0 = Debug|Any CPU
		{07B9080A-6FFD-4C20-A513-CF46ABF3EBFA}.Debug|x64.ActiveCfg = Debug|Any CPU
		{07B9080A-6FFD-4C20-A513-CF46ABF3EBFA}.Debug|x64.Build.0 = Debug|Any CPU
		{07B9080A-6FFD-4C20-A513-CF46ABF3EBFA}.Debug|x86.ActiveCfg = Debug|Any CPU
		{07B9080A-6FFD-4C20-A513-CF46ABF3EBFA}.Debug|x86.Build.0 = Debug|Any CPU
		{07B9080A-6FFD-4C20-A513-CF46ABF3EBFA}.Release|Any CPU.ActiveCfg = Release|Any CPU
		{07B9080A-6FFD-4C20-A513-CF46ABF3EBFA}.Release|Any CPU.Build.0 = Release|Any CPU
		{07B9080A-6FFD-4C20-A513-CF46ABF3EBFA}.Release|x64.ActiveCfg = Release|Any CPU
		{07B9080A-6FFD-4C20-A513-CF46ABF3EBFA}.Release|x64.Build.0 = Release|Any CPU
		{07B9080A-6FFD-4C20-A513-CF46ABF3EBFA}.Release|x86.ActiveCfg = Release|Any CPU
		{07B9080A-6FFD-4C20-A513-CF46ABF3EBFA}.Release|x86.Build.0 = Release|Any CPU
		{E86B2C61-53CD-4A58-A9DF-B1240EB63736}.Debug|Any CPU.ActiveCfg = Debug|Any CPU
		{E86B2C61-53CD-4A58-A9DF-B1240EB63736}.Debug|Any CPU.Build.0 = Debug|Any CPU
		{E86B2C61-53CD-4A58-A9DF-B1240EB63736}.Debug|x64.ActiveCfg = Debug|Any CPU
		{E86B2C61-53CD-4A58-A9DF-B1240EB63736}.Debug|x64.Build.0 = Debug|Any CPU
		{E86B2C61-53CD-4A58-A9DF-B1240EB63736}.Debug|x86.ActiveCfg = Debug|Any CPU
		{E86B2C61-53CD-4A58-A9DF-B1240EB63736}.Debug|x86.Build.0 = Debug|Any CPU
		{E86B2C61-53CD-4A58-A9DF-B1240EB63736}.Release|Any CPU.ActiveCfg = Release|Any CPU
		{E86B2C61-53CD-4A58-A9DF-B1240EB63736}.Release|Any CPU.Build.0 = Release|Any CPU
		{E86B2C61-53CD-4A58-A9DF-B1240EB63736}.Release|x64.ActiveCfg = Release|Any CPU
		{E86B2C61-53CD-4A58-A9DF-B1240EB63736}.Release|x64.Build.0 = Release|Any CPU
		{E86B2C61-53CD-4A58-A9DF-B1240EB63736}.Release|x86.ActiveCfg = Release|Any CPU
		{E86B2C61-53CD-4A58-A9DF-B1240EB63736}.Release|x86.Build.0 = Release|Any CPU
		{55CB5596-95E7-4D3D-91CC-633B79AE6A08}.Debug|Any CPU.ActiveCfg = Debug|Any CPU
		{55CB5596-95E7-4D3D-91CC-633B79AE6A08}.Debug|Any CPU.Build.0 = Debug|Any CPU
		{55CB5596-95E7-4D3D-91CC-633B79AE6A08}.Debug|x64.ActiveCfg = Debug|Any CPU
		{55CB5596-95E7-4D3D-91CC-633B79AE6A08}.Debug|x64.Build.0 = Debug|Any CPU
		{55CB5596-95E7-4D3D-91CC-633B79AE6A08}.Debug|x86.ActiveCfg = Debug|Any CPU
		{55CB5596-95E7-4D3D-91CC-633B79AE6A08}.Debug|x86.Build.0 = Debug|Any CPU
		{55CB5596-95E7-4D3D-91CC-633B79AE6A08}.Release|Any CPU.ActiveCfg = Release|Any CPU
		{55CB5596-95E7-4D3D-91CC-633B79AE6A08}.Release|Any CPU.Build.0 = Release|Any CPU
		{55CB5596-95E7-4D3D-91CC-633B79AE6A08}.Release|x64.ActiveCfg = Release|Any CPU
		{55CB5596-95E7-4D3D-91CC-633B79AE6A08}.Release|x64.Build.0 = Release|Any CPU
		{55CB5596-95E7-4D3D-91CC-633B79AE6A08}.Release|x86.ActiveCfg = Release|Any CPU
		{55CB5596-95E7-4D3D-91CC-633B79AE6A08}.Release|x86.Build.0 = Release|Any CPU
		{82100CFB-0028-4F13-ABEA-B259A38AA409}.Debug|Any CPU.ActiveCfg = Debug|Any CPU
		{82100CFB-0028-4F13-ABEA-B259A38AA409}.Debug|Any CPU.Build.0 = Debug|Any CPU
		{82100CFB-0028-4F13-ABEA-B259A38AA409}.Debug|x64.ActiveCfg = Debug|Any CPU
		{82100CFB-0028-4F13-ABEA-B259A38AA409}.Debug|x64.Build.0 = Debug|Any CPU
		{82100CFB-0028-4F13-ABEA-B259A38AA409}.Debug|x86.ActiveCfg = Debug|Any CPU
		{82100CFB-0028-4F13-ABEA-B259A38AA409}.Debug|x86.Build.0 = Debug|Any CPU
		{82100CFB-0028-4F13-ABEA-B259A38AA409}.Release|Any CPU.ActiveCfg = Release|Any CPU
		{82100CFB-0028-4F13-ABEA-B259A38AA409}.Release|Any CPU.Build.0 = Release|Any CPU
		{82100CFB-0028-4F13-ABEA-B259A38AA409}.Release|x64.ActiveCfg = Release|Any CPU
		{82100CFB-0028-4F13-ABEA-B259A38AA409}.Release|x64.Build.0 = Release|Any CPU
		{82100CFB-0028-4F13-ABEA-B259A38AA409}.Release|x86.ActiveCfg = Release|Any CPU
		{82100CFB-0028-4F13-ABEA-B259A38AA409}.Release|x86.Build.0 = Release|Any CPU
		{89E5096F-A146-46C6-BF97-A646C5D709C1}.Debug|Any CPU.ActiveCfg = Debug|Any CPU
		{89E5096F-A146-46C6-BF97-A646C5D709C1}.Debug|Any CPU.Build.0 = Debug|Any CPU
		{89E5096F-A146-46C6-BF97-A646C5D709C1}.Debug|x64.ActiveCfg = Debug|Any CPU
		{89E5096F-A146-46C6-BF97-A646C5D709C1}.Debug|x64.Build.0 = Debug|Any CPU
		{89E5096F-A146-46C6-BF97-A646C5D709C1}.Debug|x86.ActiveCfg = Debug|Any CPU
		{89E5096F-A146-46C6-BF97-A646C5D709C1}.Debug|x86.Build.0 = Debug|Any CPU
		{89E5096F-A146-46C6-BF97-A646C5D709C1}.Release|Any CPU.ActiveCfg = Release|Any CPU
		{89E5096F-A146-46C6-BF97-A646C5D709C1}.Release|Any CPU.Build.0 = Release|Any CPU
		{89E5096F-A146-46C6-BF97-A646C5D709C1}.Release|x64.ActiveCfg = Release|Any CPU
		{89E5096F-A146-46C6-BF97-A646C5D709C1}.Release|x64.Build.0 = Release|Any CPU
		{89E5096F-A146-46C6-BF97-A646C5D709C1}.Release|x86.ActiveCfg = Release|Any CPU
		{89E5096F-A146-46C6-BF97-A646C5D709C1}.Release|x86.Build.0 = Release|Any CPU
		{713D7A94-BB7A-4090-B68B-99685C622B68}.Debug|Any CPU.ActiveCfg = Debug|Any CPU
		{713D7A94-BB7A-4090-B68B-99685C622B68}.Debug|Any CPU.Build.0 = Debug|Any CPU
		{713D7A94-BB7A-4090-B68B-99685C622B68}.Debug|x64.ActiveCfg = Debug|Any CPU
		{713D7A94-BB7A-4090-B68B-99685C622B68}.Debug|x64.Build.0 = Debug|Any CPU
		{713D7A94-BB7A-4090-B68B-99685C622B68}.Debug|x86.ActiveCfg = Debug|Any CPU
		{713D7A94-BB7A-4090-B68B-99685C622B68}.Debug|x86.Build.0 = Debug|Any CPU
		{713D7A94-BB7A-4090-B68B-99685C622B68}.Release|Any CPU.ActiveCfg = Release|Any CPU
		{713D7A94-BB7A-4090-B68B-99685C622B68}.Release|Any CPU.Build.0 = Release|Any CPU
		{713D7A94-BB7A-4090-B68B-99685C622B68}.Release|x64.ActiveCfg = Release|Any CPU
		{713D7A94-BB7A-4090-B68B-99685C622B68}.Release|x64.Build.0 = Release|Any CPU
		{713D7A94-BB7A-4090-B68B-99685C622B68}.Release|x86.ActiveCfg = Release|Any CPU
		{713D7A94-BB7A-4090-B68B-99685C622B68}.Release|x86.Build.0 = Release|Any CPU
		{A12932A3-DB91-4DF9-9F4E-C124E6EC89A7}.Debug|Any CPU.ActiveCfg = Debug|Any CPU
		{A12932A3-DB91-4DF9-9F4E-C124E6EC89A7}.Debug|Any CPU.Build.0 = Debug|Any CPU
		{A12932A3-DB91-4DF9-9F4E-C124E6EC89A7}.Debug|x64.ActiveCfg = Debug|Any CPU
		{A12932A3-DB91-4DF9-9F4E-C124E6EC89A7}.Debug|x64.Build.0 = Debug|Any CPU
		{A12932A3-DB91-4DF9-9F4E-C124E6EC89A7}.Debug|x86.ActiveCfg = Debug|Any CPU
		{A12932A3-DB91-4DF9-9F4E-C124E6EC89A7}.Debug|x86.Build.0 = Debug|Any CPU
		{A12932A3-DB91-4DF9-9F4E-C124E6EC89A7}.Release|Any CPU.ActiveCfg = Release|Any CPU
		{A12932A3-DB91-4DF9-9F4E-C124E6EC89A7}.Release|Any CPU.Build.0 = Release|Any CPU
		{A12932A3-DB91-4DF9-9F4E-C124E6EC89A7}.Release|x64.ActiveCfg = Release|Any CPU
		{A12932A3-DB91-4DF9-9F4E-C124E6EC89A7}.Release|x64.Build.0 = Release|Any CPU
		{A12932A3-DB91-4DF9-9F4E-C124E6EC89A7}.Release|x86.ActiveCfg = Release|Any CPU
		{A12932A3-DB91-4DF9-9F4E-C124E6EC89A7}.Release|x86.Build.0 = Release|Any CPU
		{04FA66D4-F10D-499A-8EDC-9FEECFA52ACD}.Debug|Any CPU.ActiveCfg = Debug|Any CPU
		{04FA66D4-F10D-499A-8EDC-9FEECFA52ACD}.Debug|Any CPU.Build.0 = Debug|Any CPU
		{04FA66D4-F10D-499A-8EDC-9FEECFA52ACD}.Debug|x64.ActiveCfg = Debug|Any CPU
		{04FA66D4-F10D-499A-8EDC-9FEECFA52ACD}.Debug|x64.Build.0 = Debug|Any CPU
		{04FA66D4-F10D-499A-8EDC-9FEECFA52ACD}.Debug|x86.ActiveCfg = Debug|Any CPU
		{04FA66D4-F10D-499A-8EDC-9FEECFA52ACD}.Debug|x86.Build.0 = Debug|Any CPU
		{04FA66D4-F10D-499A-8EDC-9FEECFA52ACD}.Release|Any CPU.ActiveCfg = Release|Any CPU
		{04FA66D4-F10D-499A-8EDC-9FEECFA52ACD}.Release|Any CPU.Build.0 = Release|Any CPU
		{04FA66D4-F10D-499A-8EDC-9FEECFA52ACD}.Release|x64.ActiveCfg = Release|Any CPU
		{04FA66D4-F10D-499A-8EDC-9FEECFA52ACD}.Release|x64.Build.0 = Release|Any CPU
		{04FA66D4-F10D-499A-8EDC-9FEECFA52ACD}.Release|x86.ActiveCfg = Release|Any CPU
		{04FA66D4-F10D-499A-8EDC-9FEECFA52ACD}.Release|x86.Build.0 = Release|Any CPU
	EndGlobalSection
	GlobalSection(SolutionProperties) = preSolution
		HideSolutionNode = FALSE
	EndGlobalSection
	GlobalSection(NestedProjects) = preSolution
		{B759AE8C-A344-4B00-BE9D-BBA13EAA9DF0} = {64DD3548-1C16-4791-A377-C436170B1C9A}
		{FDD3D852-7B92-4DD2-9E2C-B675124BC3C9} = {64DD3548-1C16-4791-A377-C436170B1C9A}
		{07B9080A-6FFD-4C20-A513-CF46ABF3EBFA} = {64DD3548-1C16-4791-A377-C436170B1C9A}
		{E86B2C61-53CD-4A58-A9DF-B1240EB63736} = {64DD3548-1C16-4791-A377-C436170B1C9A}
		{55CB5596-95E7-4D3D-91CC-633B79AE6A08} = {64DD3548-1C16-4791-A377-C436170B1C9A}
		{82100CFB-0028-4F13-ABEA-B259A38AA409} = {D5B936EF-30EA-4CC1-87DB-CFC0D2ABA14F}
		{89E5096F-A146-46C6-BF97-A646C5D709C1} = {64DD3548-1C16-4791-A377-C436170B1C9A}
		{713D7A94-BB7A-4090-B68B-99685C622B68} = {64DD3548-1C16-4791-A377-C436170B1C9A}
		{A12932A3-DB91-4DF9-9F4E-C124E6EC89A7} = {D5B936EF-30EA-4CC1-87DB-CFC0D2ABA14F}
		{04FA66D4-F10D-499A-8EDC-9FEECFA52ACD} = {D5B936EF-30EA-4CC1-87DB-CFC0D2ABA14F}
	EndGlobalSection
	GlobalSection(ExtensibilityGlobals) = postSolution
		SolutionGuid = {3D558BDF-6AE1-408E-98E8-13EBD0A99EE8}
	EndGlobalSection
EndGlobal
